{
	"name": "monero-crypto-utils",
	"version": "0.0.8",
	"lockfileVersion": 1,
	"requires": true,
	"dependencies": {
		"@types/node": {
			"version": "11.10.4",
			"resolved": "https://registry.npmjs.org/@types/node/-/node-11.10.4.tgz",
			"integrity": "sha512-wa09itaLE8L705aXd8F80jnFpxz3Y1/KRHfKsYL2bPc0XF+wEWu8sR9n5bmeu8Ba1N9z2GRNzm/YdHcghLkLKg==",
			"dev": true
		},
		"@xmr-core/biginteger": {
			"version": "0.0.8",
			"resolved": "https://registry.npmjs.org/@xmr-core/biginteger/-/biginteger-0.0.8.tgz",
			"integrity": "sha512-BF/HxxH8or5lhX/+fCRtU79LnTo/x38x2yYp8XBGrIcii4UwC9mimG0VdwiskR3htKqiEXPPAlZwhAg+Ji72eA=="
		},
		"@xmr-core/xmr-b58": {
			"version": "0.0.8",
			"resolved": "https://registry.npmjs.org/@xmr-core/xmr-b58/-/xmr-b58-0.0.8.tgz",
			"integrity": "sha512-mRg5Vi3PYpJtSAy8q+Z8oxEIJvVAbnmnEi4AFttZoKSPCkZhB1ME5e5J3boUBEnbgjyUiNTo55NvLK/gqsjdDg==",
			"requires": {
				"@xmr-core/biginteger": "^0.0.8"
			}
		},
		"@xmr-core/xmr-constants": {
			"version": "0.0.8",
			"resolved": "https://registry.npmjs.org/@xmr-core/xmr-constants/-/xmr-constants-0.0.8.tgz",
			"integrity": "sha512-7zBpd6iKb33U2WZPyMHJNPMl293Xs7jR/YhL5QuX8mOM4hy22PFxkQHuum2+/HSQz/+8H2xnDKxREk6jg2w1Jg==",
			"requires": {
				"@xmr-core/biginteger": "^0.0.8"
			}
		},
		"@xmr-core/xmr-fast-hash": {
			"version": "0.0.8",
			"resolved": "https://registry.npmjs.org/@xmr-core/xmr-fast-hash/-/xmr-fast-hash-0.0.8.tgz",
			"integrity": "sha512-jj5XU3E4KSo61tNbHRen12E9qDxO2ZKOCxtfMyGIF4QVhvZDldz1NOybSsf8+FiiFUEGvtd+GylLDJrCbCMj9g==",
			"requires": {
				"@xmr-core/xmr-str-utils": "^0.0.8",
				"keccakjs": "^0.2.1"
			}
		},
		"@xmr-core/xmr-str-utils": {
			"version": "0.0.8",
			"resolved": "https://registry.npmjs.org/@xmr-core/xmr-str-utils/-/xmr-str-utils-0.0.8.tgz",
			"integrity": "sha512-1tzXVAZH44Y7uD7ABR9F4X3/+TooUJza9f15+eGTWhBgBz26quN0NMyFBca3FYBnz5x6cWq5vP54upooJEfj7A==",
			"requires": {
				"@xmr-core/biginteger": "^0.0.8"
			}
		},
		"@xmr-core/xmr-varint": {
			"version": "0.0.8",
			"resolved": "https://registry.npmjs.org/@xmr-core/xmr-varint/-/xmr-varint-0.0.8.tgz",
			"integrity": "sha512-dNLYOAX95KZGlFljJ5YPF2gY9x6otPE32pZ6FLu5S55myw+ykUN51zVoph99jfo1iQRl790nRPEzvE3f7OYlxw==",
			"requires": {
				"@xmr-core/biginteger": "^0.0.8"
			}
		},
		"@xmr-core/xmr-vendor": {
			"version": "0.0.8",
			"resolved": "https://registry.npmjs.org/@xmr-core/xmr-vendor/-/xmr-vendor-0.0.8.tgz",
			"integrity": "sha512-QQ0lBUrR2ucnJZ/b1SVBRViI0gNU/01eUzCtJzYugwlnSkWR7CZBnjCWlvVaYsS4EAG1dmw0KULjeG40ymFzqg=="
		},
		"browserify-sha3": {
			"version": "0.0.4",
			"resolved": "https://registry.npmjs.org/browserify-sha3/-/browserify-sha3-0.0.4.tgz",
			"integrity": "sha1-CGxHuMgjFsnUcCLCYYWVRXbdjiY=",
			"requires": {
				"js-sha3": "^0.6.1",
				"safe-buffer": "^5.1.1"
			}
		},
		"js-sha3": {
			"version": "0.6.1",
			"resolved": "https://registry.npmjs.org/js-sha3/-/js-sha3-0.6.1.tgz",
			"integrity": "sha1-W4n3enR3Z5h39YxKB1JAk0sflcA="
		},
		"keccakjs": {
			"version": "0.2.3",
			"resolved": "https://registry.npmjs.org/keccakjs/-/keccakjs-0.2.3.tgz",
			"integrity": "sha512-BjLkNDcfaZ6l8HBG9tH0tpmDv3sS2mA7FNQxFHpCdzP3Gb2MVruXBSuoM66SnVxKJpAr5dKGdkHD+bDokt8fTg==",
			"requires": {
				"browserify-sha3": "^0.0.4",
				"sha3": "^1.2.2"
			}
		},
		"nan": {
			"version": "2.10.0",
			"resolved": "https://registry.npmjs.org/nan/-/nan-2.10.0.tgz",
			"integrity": "sha512-bAdJv7fBLhWC+/Bls0Oza+mvTaNQtP+1RyhhhvD95pgUJz6XM5IzgmxOkItJ9tkoCiplvAnXI1tNmmUD/eScyA=="
		},
		"safe-buffer": {
			"version": "5.1.2",
			"resolved": "https://registry.npmjs.org/safe-buffer/-/safe-buffer-5.1.2.tgz",
			"integrity": "sha512-Gd2UZBJDkXlY7GbJxfsE8/nvKkUEU1G38c1siN6QP6a9PT9MmHB8GnpscSmMJSoF8LOIrt8ud/wPtojys4G6+g=="
		},
		"sha3": {
			"version": "1.2.2",
			"resolved": "https://registry.npmjs.org/sha3/-/sha3-1.2.2.tgz",
			"integrity": "sha1-pmxQmN5MJbyIM27ItIF9AFvKe6k=",
			"requires": {
				"nan": "2.10.0"
			}
		},
		"typescript": {
			"version": "3.3.3333",
			"resolved": "https://registry.npmjs.org/typescript/-/typescript-3.3.3333.tgz",
			"integrity": "sha512-JjSKsAfuHBE/fB2oZ8NxtRTk5iGcg6hkYXMnZ3Wc+b2RSqejEqTaem11mHASMnFilHrax3sLK0GDzcJrekZYLw==",
			"dev": true
		}
	}
}
